
Microsoft Visual Studio Solution File, Format Version 12.00
# Visual Studio Version 17
VisualStudioVersion = 17.3.32901.215
MinimumVisualStudioVersion = 10.0.40219.1
Project("{F184B08F-C81C-45F6-A57F-5ABD9991F28F}") = "easyPreview", "WindowsApp1\easyPreview.vbproj", "{A592788C-7EDC-4723-A8FF-E1F716EA83F9}"
EndProject
Global
	GlobalSection(SolutionConfigurationPlatforms) = preSolution
		Debug|Any CPU = Debug|Any CPU
		Release|Any CPU = Release|Any CPU
	EndGlobalSection
	GlobalSection(ProjectConfigurationPlatforms) = postSolution
		{A592788C-7EDC-4723-A8FF-E1F716EA83F9}.Debug|Any CPU.ActiveCfg = Debug|Any CPU
		{A592788C-7EDC-4723-A8FF-E1F716EA83F9}.Debug|Any CPU.Build.0 = Debug|Any CPU
		{A592788C-7EDC-4723-A8FF-E1F716EA83F9}.Release|Any CPU.ActiveCfg = Release|Any CPU
		{A592788C-7EDC-4723-A8FF-E1F716EA83F9}.Release|Any CPU.Build.0 = Release|Any CPU
	EndGlobalSection
	GlobalSection(SolutionProperties) = preSolution
		HideSolutionNode = FALSE
	EndGlobalSection
	GlobalSection(ExtensibilityGlobals) = postSolution
		SolutionGuid = {95C9DDAB-5557-485D-918F-F3F021E7A706}
	EndGlobalSection
EndGlobal
